
Microsoft Visual Studio Solution File, Format Version 12.00
# Visual Studio Version 16
VisualStudioVersion = 16.0.28922.388
MinimumVisualStudioVersion = 10.0.40219.1
Project("{FAE04EC0-301F-11D3-BF4B-00C04F79EFBC}") = "RegionCrusher", "RegionCrusher.csproj", "{2B7120F6-E057-43F1-80A3-429F9983D992}"
EndProject
Global
	GlobalSection(SolutionConfigurationPlatforms) = preSolution
		Debug|Any CPU = Debug|Any CPU
		Release|Any CPU = Release|Any CPU
	EndGlobalSection
	GlobalSection(ProjectConfigurationPlatforms) = postSolution
		{2B7120F6-E057-43F1-80A3-429F9983D992}.Debug|Any CPU.ActiveCfg = Debug|Any CPU
		{2B7120F6-E057-43F1-80A3-429F9983D992}.Debug|Any CPU.Build.0 = Debug|Any CPU
		{2B7120F6-E057-43F1-80A3-429F9983D992}.Release|Any CPU.ActiveCfg = Release|Any CPU
		{2B7120F6-E057-43F1-80A3-429F9983D992}.Release|Any CPU.Build.0 = Release|Any CPU
	EndGlobalSection
	GlobalSection(SolutionProperties) = preSolution
		HideSolutionNode = FALSE
	EndGlobalSection
	GlobalSection(ExtensibilityGlobals) = postSolution
		SolutionGuid = {6818FA1B-3785-43CE-BAC8-F1E44BEC92F3}
	EndGlobalSection
EndGlobal
